
Microsoft Visual Studio Solution File, Format Version 12.00
# Visual Studio 15
VisualStudioVersion = 15.0.28307.572
MinimumVisualStudioVersion = 10.0.40219.1
Project("{8BC9CEB8-8B4A-11D0-8D11-00A0C91BC942}") = "2Test_MRG32k3a", "2Test_MRG32k3a\2Test_MRG32k3a.vcxproj", "{63FF60EA-D10C-43CF-B573-D6728CCDE29B}"
EndProject
Global
	GlobalSection(SolutionConfigurationPlatforms) = preSolution
		Debug|x64 = Debug|x64
		Debug|x86 = Debug|x86
		Release|x64 = Release|x64
		Release|x86 = Release|x86
	EndGlobalSection
	GlobalSection(ProjectConfigurationPlatforms) = postSolution
		{63FF60EA-D10C-43CF-B573-D6728CCDE29B}.Debug|x64.ActiveCfg = Debug|x64
		{63FF60EA-D10C-43CF-B573-D6728CCDE29B}.Debug|x64.Build.0 = Debug|x64
		{63FF60EA-D10C-43CF-B573-D6728CCDE29B}.Debug|x86.ActiveCfg = Debug|Win32
		{63FF60EA-D10C-43CF-B573-D6728CCDE29B}.Debug|x86.Build.0 = Debug|Win32
		{63FF60EA-D10C-43CF-B573-D6728CCDE29B}.Release|x64.ActiveCfg = Release|x64
		{63FF60EA-D10C-43CF-B573-D6728CCDE29B}.Release|x64.Build.0 = Release|x64
		{63FF60EA-D10C-43CF-B573-D6728CCDE29B}.Release|x86.ActiveCfg = Release|Win32
		{63FF60EA-D10C-43CF-B573-D6728CCDE29B}.Release|x86.Build.0 = Release|Win32
	EndGlobalSection
	GlobalSection(SolutionProperties) = preSolution
		HideSolutionNode = FALSE
	EndGlobalSection
	GlobalSection(ExtensibilityGlobals) = postSolution
		SolutionGuid = {A07E8149-7142-4F1D-A4FB-55803CFB2667}
	EndGlobalSection
EndGlobal
